
Microsoft Visual Studio Solution File, Format Version 12.00
# Visual Studio 15
VisualStudioVersion = 15.0.28307.960
MinimumVisualStudioVersion = 10.0.40219.1
Project("{FAE04EC0-301F-11D3-BF4B-00C04F79EFBC}") = "Playing cards", "Playing cards\Playing cards.csproj", "{DE84DD88-FB24-4E59-A961-C990C5CBF9DB}"
EndProject
Global
	GlobalSection(SolutionConfigurationPlatforms) = preSolution
		Debug|Any CPU = Debug|Any CPU
		Release|Any CPU = Release|Any CPU
	EndGlobalSection
	GlobalSection(ProjectConfigurationPlatforms) = postSolution
		{DE84DD88-FB24-4E59-A961-C990C5CBF9DB}.Debug|Any CPU.ActiveCfg = Debug|Any CPU
		{DE84DD88-FB24-4E59-A961-C990C5CBF9DB}.Debug|Any CPU.Build.0 = Debug|Any CPU
		{DE84DD88-FB24-4E59-A961-C990C5CBF9DB}.Release|Any CPU.ActiveCfg = Release|Any CPU
		{DE84DD88-FB24-4E59-A961-C990C5CBF9DB}.Release|Any CPU.Build.0 = Release|Any CPU
	EndGlobalSection
	GlobalSection(SolutionProperties) = preSolution
		HideSolutionNode = FALSE
	EndGlobalSection
	GlobalSection(ExtensibilityGlobals) = postSolution
		SolutionGuid = {BB0AEDE2-01BC-4096-A672-47205AADCD34}
	EndGlobalSection
EndGlobal
